<?xml version="1.0" encoding="UTF-8" standalone="yes" ?>
<CodeBlocks_project_file>
	<FileVersion major="1" minor="6" />
	<Project>
		<Option title="m3u_playlist_reader_test_7" />
		<Option pch_mode="2" />
		<Option compiler="gcc" />
		<Build>
			<Target title="Debug">
				<Option output="bin/Debug/m3u_playlist_reader_test_7" prefix_auto="1" extension_auto="1" />
				<Option object_output="obj/Debug/" />
				<Option type="1" />
				<Option compiler="gcc" />
				<Compiler>
					<Add option="-Wall" />
					<Add option="-m64" />
					<Add option="-Og" />
					<Add option="-g" />
					<Add directory="include" />
				</Compiler>
				<Linker>
					<Add option="-m64" />
				</Linker>
			</Target>
			<Target title="Release">
				<Option output="bin/Release/m3u_playlist_reader_test_7" prefix_auto="1" extension_auto="1" />
				<Option object_output="obj/Release/" />
				<Option type="1" />
				<Option compiler="gcc" />
				<Compiler>
					<Add option="-O2" />
					<Add directory="include" />
				</Compiler>
				<Linker>
					<Add option="-s" />
				</Linker>
			</Target>
		</Build>
		<Compiler>
			<Add option="-Wall" />
			<Add option="-fexceptions" />
		</Compiler>
		<Unit filename="include/ext_list.hpp" />
		<Unit filename="include/m3u_playlist_file_text.hpp" />
		<Unit filename="include/playlist_entry.hpp" />
		<Unit filename="main.cpp" />
		<Unit filename="src/ext_list.cpp" />
		<Unit filename="src/m3u_playlist_file_text.cpp" />
		<Unit filename="src/playlist_entry.cpp" />
		<Extensions />
	</Project>
</CodeBlocks_project_file>
